
Microsoft Visual Studio Solution File, Format Version 12.00
# Visual Studio Version 17
VisualStudioVersion = 17.8.34408.163
MinimumVisualStudioVersion = 10.0.40219.1
Project("{FAE04EC0-301F-11D3-BF4B-00C04F79EFBC}") = "GUI", "GUI\GUI.csproj", "{20DD0607-5248-4526-9F25-E4AB7C9EB70B}"
EndProject
Project("{FAE04EC0-301F-11D3-BF4B-00C04F79EFBC}") = "Repository", "Repository\Repository.csproj", "{7F408439-C632-4972-84DC-31A3BA8F6EED}"
EndProject
Project("{FAE04EC0-301F-11D3-BF4B-00C04F79EFBC}") = "Services", "Services\Services.csproj", "{9D53A98C-8D33-416F-A29B-ABCD2CEC3E8A}"
EndProject
Global
	GlobalSection(SolutionConfigurationPlatforms) = preSolution
		Debug|Any CPU = Debug|Any CPU
		Release|Any CPU = Release|Any CPU
	EndGlobalSection
	GlobalSection(ProjectConfigurationPlatforms) = postSolution
		{20DD0607-5248-4526-9F25-E4AB7C9EB70B}.Debug|Any CPU.ActiveCfg = Debug|Any CPU
		{20DD0607-5248-4526-9F25-E4AB7C9EB70B}.Debug|Any CPU.Build.0 = Debug|Any CPU
		{20DD0607-5248-4526-9F25-E4AB7C9EB70B}.Release|Any CPU.ActiveCfg = Release|Any CPU
		{20DD0607-5248-4526-9F25-E4AB7C9EB70B}.Release|Any CPU.Build.0 = Release|Any CPU
		{7F408439-C632-4972-84DC-31A3BA8F6EED}.Debug|Any CPU.ActiveCfg = Debug|Any CPU
		{7F408439-C632-4972-84DC-31A3BA8F6EED}.Debug|Any CPU.Build.0 = Debug|Any CPU
		{7F408439-C632-4972-84DC-31A3BA8F6EED}.Release|Any CPU.ActiveCfg = Release|Any CPU
		{7F408439-C632-4972-84DC-31A3BA8F6EED}.Release|Any CPU.Build.0 = Release|Any CPU
		{9D53A98C-8D33-416F-A29B-ABCD2CEC3E8A}.Debug|Any CPU.ActiveCfg = Debug|Any CPU
		{9D53A98C-8D33-416F-A29B-ABCD2CEC3E8A}.Debug|Any CPU.Build.0 = Debug|Any CPU
		{9D53A98C-8D33-416F-A29B-ABCD2CEC3E8A}.Release|Any CPU.ActiveCfg = Release|Any CPU
		{9D53A98C-8D33-416F-A29B-ABCD2CEC3E8A}.Release|Any CPU.Build.0 = Release|Any CPU
	EndGlobalSection
	GlobalSection(SolutionProperties) = preSolution
		HideSolutionNode = FALSE
	EndGlobalSection
	GlobalSection(ExtensibilityGlobals) = postSolution
		SolutionGuid = {4D68E939-0F76-4588-9F8E-A81010125937}
	EndGlobalSection
EndGlobal
